
Microsoft Visual Studio Solution File, Format Version 12.00
# Visual Studio Version 17
VisualStudioVersion = 17.7.34024.191
MinimumVisualStudioVersion = 10.0.40219.1
Project("{FAE04EC0-301F-11D3-BF4B-00C04F79EFBC}") = "Ü204 Volumen, Oberfläche", "Ü204 Volumen, Oberfläche\Ü204 Volumen, Oberfläche.csproj", "{139E1601-48FC-4841-A921-665A41339F04}"
EndProject
Global
	GlobalSection(SolutionConfigurationPlatforms) = preSolution
		Debug|Any CPU = Debug|Any CPU
		Release|Any CPU = Release|Any CPU
	EndGlobalSection
	GlobalSection(ProjectConfigurationPlatforms) = postSolution
		{139E1601-48FC-4841-A921-665A41339F04}.Debug|Any CPU.ActiveCfg = Debug|Any CPU
		{139E1601-48FC-4841-A921-665A41339F04}.Debug|Any CPU.Build.0 = Debug|Any CPU
		{139E1601-48FC-4841-A921-665A41339F04}.Release|Any CPU.ActiveCfg = Release|Any CPU
		{139E1601-48FC-4841-A921-665A41339F04}.Release|Any CPU.Build.0 = Release|Any CPU
	EndGlobalSection
	GlobalSection(SolutionProperties) = preSolution
		HideSolutionNode = FALSE
	EndGlobalSection
	GlobalSection(ExtensibilityGlobals) = postSolution
		SolutionGuid = {53DBF6A5-9EEB-4AF1-9B36-FB0795FDB8A6}
	EndGlobalSection
EndGlobal
